{
  "requires": true,
  "lockfileVersion": 1,
  "dependencies": {
    "progressbar.js": {
      "version": "1.1.0",
      "resolved": "https://registry.npmjs.org/progressbar.js/-/progressbar.js-1.1.0.tgz",
      "integrity": "sha512-K68/xcyXKo2I6T3PfIkXrRaycxROmWeU4bugb49iulWR25cU94PM0cfZ47S0jDhG5K3vPhZwCOy1fgb5Pgh6UQ==",
      "requires": {
        "shifty": "^2.1.2"
      }
    },
    "shifty": {
      "version": "2.15.2",
      "resolved": "https://registry.npmjs.org/shifty/-/shifty-2.15.2.tgz",
      "integrity": "sha512-uaDIdYXrOGncvPula4Pi2jl7kv46IwvZ10AYBSGsl/vrvclOXqzMWOAQCgDjNR7LVPgQki0CTtOMJOH9gnJgsg=="
    }
  }
}
